
Microsoft Visual Studio Solution File, Format Version 12.00
# Visual Studio Version 17
VisualStudioVersion = 17.5.002.0
MinimumVisualStudioVersion = 10.0.40219.1
Project("{9A19103F-16F7-4668-BE54-9A1E7A4F7556}") = "MeuProjeto", "MeuProjeto\MeuProjeto.csproj", "{F593EA59-5283-4306-BE7F-E15531A7F70F}"
EndProject
Global
	GlobalSection(SolutionConfigurationPlatforms) = preSolution
		Debug|Any CPU = Debug|Any CPU
		Release|Any CPU = Release|Any CPU
	EndGlobalSection
	GlobalSection(ProjectConfigurationPlatforms) = postSolution
		{F593EA59-5283-4306-BE7F-E15531A7F70F}.Debug|Any CPU.ActiveCfg = Debug|Any CPU
		{F593EA59-5283-4306-BE7F-E15531A7F70F}.Debug|Any CPU.Build.0 = Debug|Any CPU
		{F593EA59-5283-4306-BE7F-E15531A7F70F}.Release|Any CPU.ActiveCfg = Release|Any CPU
		{F593EA59-5283-4306-BE7F-E15531A7F70F}.Release|Any CPU.Build.0 = Release|Any CPU
	EndGlobalSection
	GlobalSection(SolutionProperties) = preSolution
		HideSolutionNode = FALSE
	EndGlobalSection
	GlobalSection(ExtensibilityGlobals) = postSolution
		SolutionGuid = {176F5C22-51C7-4515-B148-41DA5CDE684D}
	EndGlobalSection
EndGlobal
